
Microsoft Visual Studio Solution File, Format Version 12.00
# Visual Studio 2012
Project("{FAE04EC0-301F-11D3-BF4B-00C04F79EFBC}") = "hopfe_gui", "hopfe_gui\hopfe_gui.csproj", "{3109612E-B6B5-41E0-99F9-647FDEF7D2A7}"
EndProject
Global
	GlobalSection(SolutionConfigurationPlatforms) = preSolution
		Debug|Any CPU = Debug|Any CPU
		Release|Any CPU = Release|Any CPU
	EndGlobalSection
	GlobalSection(ProjectConfigurationPlatforms) = postSolution
		{3109612E-B6B5-41E0-99F9-647FDEF7D2A7}.Debug|Any CPU.ActiveCfg = Debug|Any CPU
		{3109612E-B6B5-41E0-99F9-647FDEF7D2A7}.Debug|Any CPU.Build.0 = Debug|Any CPU
		{3109612E-B6B5-41E0-99F9-647FDEF7D2A7}.Release|Any CPU.ActiveCfg = Release|Any CPU
		{3109612E-B6B5-41E0-99F9-647FDEF7D2A7}.Release|Any CPU.Build.0 = Release|Any CPU
	EndGlobalSection
	GlobalSection(SolutionProperties) = preSolution
		HideSolutionNode = FALSE
	EndGlobalSection
EndGlobal
